<?xml version="1.0" encoding="utf-8"?>
<Project ToolsVersion="4.0" xmlns="http://schemas.microsoft.com/developer/msbuild/2003">
  <ItemGroup>
    <Filter Include="Source Files">
      <UniqueIdentifier>{4FC737F1-C7A5-4376-A066-2A32D752A2FF}</UniqueIdentifier>
      <Extensions>cpp;c;cc;cxx;c++;cppm;ixx;def;odl;idl;hpj;bat;asm;asmx</Extensions>
    </Filter>
    <Filter Include="Header Files">
      <UniqueIdentifier>{93995380-89BD-4b04-88EB-625FBE52EBFB}</UniqueIdentifier>
      <Extensions>h;hh;hpp;hxx;h++;hm;inl;inc;ipp;xsd</Extensions>
    </Filter>
    <Filter Include="Resource Files">
      <UniqueIdentifier>{67DA6AB6-F800-4c08-8B7A-83BB121AAD01}</UniqueIdentifier>
      <Extensions>rc;ico;cur;bmp;dlg;rc2;rct;bin;rgs;gif;jpg;jpeg;jpe;resx;tiff;tif;png;wav;mfcribbon-ms</Extensions>
    </Filter>
    <Filter Include="vms">
      <UniqueIdentifier>{62677826-367e-4ef9-b6b0-4bc197fa6925}</UniqueIdentifier>
    </Filter>
    <Filter Include="Header Files\parser">
      <UniqueIdentifier>{000584c3-00f5-4506-8769-473ed9ad1611}</UniqueIdentifier>
    </Filter>
    <Filter Include="Header Files\parser\passes">
      <UniqueIdentifier>{65a3f12b-4f7a-43aa-b694-921ca07ef051}</UniqueIdentifier>
    </Filter>
    <Filter Include="Source Files\parser">
      <UniqueIdentifier>{314abbef-dbf6-40b5-b984-502702f000be}</UniqueIdentifier>
    </Filter>
    <Filter Include="Source Files\parser\passes">
      <UniqueIdentifier>{dfdd4e33-8178-4c20-b06e-06260418a9dc}</UniqueIdentifier>
    </Filter>
  </ItemGroup>
  <ItemGroup>
    <ClCompile Include="main.cpp">
      <Filter>Source Files</Filter>
    </ClCompile>
    <ClCompile Include="vm_ctx.cpp">
      <Filter>Source Files</Filter>
    </ClCompile>
    <ClCompile Include="vm.cpp">
      <Filter>Source Files</Filter>
    </ClCompile>
    <ClCompile Include="parser\instruction_token.cpp">
      <Filter>Source Files\parser</Filter>
    </ClCompile>
    <ClCompile Include="parser\parser.cpp">
      <Filter>Source Files\parser</Filter>
    </ClCompile>
    <ClCompile Include="parser\passes\obfuscate_constant.cpp">
      <Filter>Source Files\parser\passes</Filter>
    </ClCompile>
    <ClCompile Include="parser\passes\pass.cpp">
      <Filter>Source Files\parser</Filter>
    </ClCompile>
    <ClCompile Include="parser\passes\obfuscate_unfolding.cpp">
      <Filter>Source Files\parser\passes</Filter>
    </ClCompile>
  </ItemGroup>
  <ItemGroup>
    <ClInclude Include="vm_ctx.hpp">
      <Filter>Header Files</Filter>
    </ClInclude>
    <ClInclude Include="macros.hpp">
      <Filter>Header Files</Filter>
    </ClInclude>
    <ClInclude Include="vm.hpp">
      <Filter>Header Files</Filter>
    </ClInclude>
    <ClInclude Include="parser\instruction_token.hpp">
      <Filter>Header Files\parser</Filter>
    </ClInclude>
    <ClInclude Include="parser\passes\pass.hpp">
      <Filter>Header Files\parser\passes</Filter>
    </ClInclude>
    <ClInclude Include="parser\parser.hpp">
      <Filter>Header Files\parser</Filter>
    </ClInclude>
    <ClInclude Include="parser\passes\obfuscate_constant.hpp">
      <Filter>Header Files\parser\passes</Filter>
    </ClInclude>
    <ClInclude Include="parser\passes\obfuscate_unfolding.hpp">
      <Filter>Header Files\parser\passes</Filter>
    </ClInclude>
  </ItemGroup>
  <ItemGroup>
    <None Include="vms\test.vm">
      <Filter>vms</Filter>
    </None>
    <None Include="vms\strlen.vm">
      <Filter>vms</Filter>
    </None>
    <None Include="vms\strcmp.vm">
      <Filter>vms</Filter>
    </None>
    <None Include="vms\password_check.vm">
      <Filter>vms</Filter>
    </None>
  </ItemGroup>
</Project>